
Microsoft Visual Studio Solution File, Format Version 12.00
# Visual Studio Version 17
VisualStudioVersion = 17.4.33110.190
MinimumVisualStudioVersion = 10.0.40219.1
Project("{FAE04EC0-301F-11D3-BF4B-00C04F79EFBC}") = "MyAPIClientApp", "MyAPIClientApp\MyAPIClientApp.csproj", "{23D71F98-AC1D-4DBA-A304-086809DBD6A5}"
EndProject
Global
	GlobalSection(SolutionConfigurationPlatforms) = preSolution
		Debug|Any CPU = Debug|Any CPU
		Release|Any CPU = Release|Any CPU
	EndGlobalSection
	GlobalSection(ProjectConfigurationPlatforms) = postSolution
		{23D71F98-AC1D-4DBA-A304-086809DBD6A5}.Debug|Any CPU.ActiveCfg = Debug|Any CPU
		{23D71F98-AC1D-4DBA-A304-086809DBD6A5}.Debug|Any CPU.Build.0 = Debug|Any CPU
		{23D71F98-AC1D-4DBA-A304-086809DBD6A5}.Release|Any CPU.ActiveCfg = Release|Any CPU
		{23D71F98-AC1D-4DBA-A304-086809DBD6A5}.Release|Any CPU.Build.0 = Release|Any CPU
	EndGlobalSection
	GlobalSection(SolutionProperties) = preSolution
		HideSolutionNode = FALSE
	EndGlobalSection
	GlobalSection(ExtensibilityGlobals) = postSolution
		SolutionGuid = {BE03C2FA-0973-4413-AEF6-F197C5E64440}
	EndGlobalSection
EndGlobal
